
Microsoft Visual Studio Solution File, Format Version 12.00
# Visual Studio Version 16
VisualStudioVersion = 16.0.30011.22
MinimumVisualStudioVersion = 10.0.40219.1
Project("{9A19103F-16F7-4668-BE54-9A1E7A4F7556}") = "eBus.WebApi", "eBus.WebApi\eBus.WebApi.csproj", "{717B7BC9-E157-4F1C-B3BC-3D78BC2E0266}"
EndProject
Project("{9A19103F-16F7-4668-BE54-9A1E7A4F7556}") = "eBus.Model", "eBus.Model\eBus.Model.csproj", "{D7B6B2D5-36A1-4DE0-B599-A29BB7C8127B}"
EndProject
Project("{FAE04EC0-301F-11D3-BF4B-00C04F79EFBC}") = "eBus.WinUI", "eBus.WinUI\eBus.WinUI.csproj", "{6F35FB14-AFDA-454E-AB7F-F7640F9C997A}"
EndProject
Project("{2150E333-8FDC-42A3-9474-1A3956D46DE8}") = "Bus.Mobile", "Bus.Mobile", "{308D4DE9-2CFB-413F-9B1C-8F7848060891}"
EndProject
Project("{FAE04EC0-301F-11D3-BF4B-00C04F79EFBC}") = "eBus.Mobile.UWP", "eBus.Mobile\eBus.Mobile.UWP\eBus.Mobile.UWP.csproj", "{6C6208D3-9654-4955-B785-E767DFA06D7D}"
EndProject
Project("{FAE04EC0-301F-11D3-BF4B-00C04F79EFBC}") = "eBus.Mobile.Android", "eBus.Mobile\eBus.Mobile.Android\eBus.Mobile.Android.csproj", "{775DFA78-64A4-4C7E-BE72-009BF9789B4C}"
EndProject
Project("{FAE04EC0-301F-11D3-BF4B-00C04F79EFBC}") = "eBus.Mobile.iOS", "eBus.Mobile\eBus.Mobile.iOS\eBus.Mobile.iOS.csproj", "{B4AE3F78-A092-4130-A1EA-E58ACB4F4F9D}"
EndProject
Project("{FAE04EC0-301F-11D3-BF4B-00C04F79EFBC}") = "eBus.Mobile", "eBus.Mobile\eBus.Mobile\eBus.Mobile.csproj", "{0DB63CEC-2550-456D-9881-57CC8159BBB1}"
EndProject
Global
	GlobalSection(SolutionConfigurationPlatforms) = preSolution
		Debug|Any CPU = Debug|Any CPU
		Debug|ARM = Debug|ARM
		Debug|iPhone = Debug|iPhone
		Debug|iPhoneSimulator = Debug|iPhoneSimulator
		Debug|x64 = Debug|x64
		Debug|x86 = Debug|x86
		Release|Any CPU = Release|Any CPU
		Release|ARM = Release|ARM
		Release|iPhone = Release|iPhone
		Release|iPhoneSimulator = Release|iPhoneSimulator
		Release|x64 = Release|x64
		Release|x86 = Release|x86
	EndGlobalSection
	GlobalSection(ProjectConfigurationPlatforms) = postSolution
		{717B7BC9-E157-4F1C-B3BC-3D78BC2E0266}.Debug|Any CPU.ActiveCfg = Debug|Any CPU
		{717B7BC9-E157-4F1C-B3BC-3D78BC2E0266}.Debug|Any CPU.Build.0 = Debug|Any CPU
		{717B7BC9-E157-4F1C-B3BC-3D78BC2E0266}.Debug|ARM.ActiveCfg = Debug|Any CPU
		{717B7BC9-E157-4F1C-B3BC-3D78BC2E0266}.Debug|ARM.Build.0 = Debug|Any CPU
		{717B7BC9-E157-4F1C-B3BC-3D78BC2E0266}.Debug|iPhone.ActiveCfg = Debug|Any CPU
		{717B7BC9-E157-4F1C-B3BC-3D78BC2E0266}.Debug|iPhone.Build.0 = Debug|Any CPU
		{717B7BC9-E157-4F1C-B3BC-3D78BC2E0266}.Debug|iPhoneSimulator.ActiveCfg = Debug|Any CPU
		{717B7BC9-E157-4F1C-B3BC-3D78BC2E0266}.Debug|iPhoneSimulator.Build.0 = Debug|Any CPU
		{717B7BC9-E157-4F1C-B3BC-3D78BC2E0266}.Debug|x64.ActiveCfg = Debug|Any CPU
		{717B7BC9-E157-4F1C-B3BC-3D78BC2E0266}.Debug|x64.Build.0 = Debug|Any CPU
		{717B7BC9-E157-4F1C-B3BC-3D78BC2E0266}.Debug|x86.ActiveCfg = Debug|Any CPU
		{717B7BC9-E157-4F1C-B3BC-3D78BC2E0266}.Debug|x86.Build.0 = Debug|Any CPU
		{717B7BC9-E157-4F1C-B3BC-3D78BC2E0266}.Release|Any CPU.ActiveCfg = Release|Any CPU
		{717B7BC9-E157-4F1C-B3BC-3D78BC2E0266}.Release|Any CPU.Build.0 = Release|Any CPU
		{717B7BC9-E157-4F1C-B3BC-3D78BC2E0266}.Release|ARM.ActiveCfg = Release|Any CPU
		{717B7BC9-E157-4F1C-B3BC-3D78BC2E0266}.Release|ARM.Build.0 = Release|Any CPU
		{717B7BC9-E157-4F1C-B3BC-3D78BC2E0266}.Release|iPhone.ActiveCfg = Release|Any CPU
		{717B7BC9-E157-4F1C-B3BC-3D78BC2E0266}.Release|iPhone.Build.0 = Release|Any CPU
		{717B7BC9-E157-4F1C-B3BC-3D78BC2E0266}.Release|iPhoneSimulator.ActiveCfg = Release|Any CPU
		{717B7BC9-E157-4F1C-B3BC-3D78BC2E0266}.Release|iPhoneSimulator.Build.0 = Release|Any CPU
		{717B7BC9-E157-4F1C-B3BC-3D78BC2E0266}.Release|x64.ActiveCfg = Release|Any CPU
		{717B7BC9-E157-4F1C-B3BC-3D78BC2E0266}.Release|x64.Build.0 = Release|Any CPU
		{717B7BC9-E157-4F1C-B3BC-3D78BC2E0266}.Release|x86.ActiveCfg = Release|Any CPU
		{717B7BC9-E157-4F1C-B3BC-3D78BC2E0266}.Release|x86.Build.0 = Release|Any CPU
		{D7B6B2D5-36A1-4DE0-B599-A29BB7C8127B}.Debug|Any CPU.ActiveCfg = Debug|Any CPU
		{D7B6B2D5-36A1-4DE0-B599-A29BB7C8127B}.Debug|Any CPU.Build.0 = Debug|Any CPU
		{D7B6B2D5-36A1-4DE0-B599-A29BB7C8127B}.Debug|ARM.ActiveCfg = Debug|Any CPU
		{D7B6B2D5-36A1-4DE0-B599-A29BB7C8127B}.Debug|ARM.Build.0 = Debug|Any CPU
		{D7B6B2D5-36A1-4DE0-B599-A29BB7C8127B}.Debug|iPhone.ActiveCfg = Debug|Any CPU
		{D7B6B2D5-36A1-4DE0-B599-A29BB7C8127B}.Debug|iPhone.Build.0 = Debug|Any CPU
		{D7B6B2D5-36A1-4DE0-B599-A29BB7C8127B}.Debug|iPhoneSimulator.ActiveCfg = Debug|Any CPU
		{D7B6B2D5-36A1-4DE0-B599-A29BB7C8127B}.Debug|iPhoneSimulator.Build.0 = Debug|Any CPU
		{D7B6B2D5-36A1-4DE0-B599-A29BB7C8127B}.Debug|x64.ActiveCfg = Debug|Any CPU
		{D7B6B2D5-36A1-4DE0-B599-A29BB7C8127B}.Debug|x64.Build.0 = Debug|Any CPU
		{D7B6B2D5-36A1-4DE0-B599-A29BB7C8127B}.Debug|x86.ActiveCfg = Debug|Any CPU
		{D7B6B2D5-36A1-4DE0-B599-A29BB7C8127B}.Debug|x86.Build.0 = Debug|Any CPU
		{D7B6B2D5-36A1-4DE0-B599-A29BB7C8127B}.Release|Any CPU.ActiveCfg = Release|Any CPU
		{D7B6B2D5-36A1-4DE0-B599-A29BB7C8127B}.Release|Any CPU.Build.0 = Release|Any CPU
		{D7B6B2D5-36A1-4DE0-B599-A29BB7C8127B}.Release|ARM.ActiveCfg = Release|Any CPU
		{D7B6B2D5-36A1-4DE0-B599-A29BB7C8127B}.Release|ARM.Build.0 = Release|Any CPU
		{D7B6B2D5-36A1-4DE0-B599-A29BB7C8127B}.Release|iPhone.ActiveCfg = Release|Any CPU
		{D7B6B2D5-36A1-4DE0-B599-A29BB7C8127B}.Release|iPhone.Build.0 = Release|Any CPU
		{D7B6B2D5-36A1-4DE0-B599-A29BB7C8127B}.Release|iPhoneSimulator.ActiveCfg = Release|Any CPU
		{D7B6B2D5-36A1-4DE0-B599-A29BB7C8127B}.Release|iPhoneSimulator.Build.0 = Release|Any CPU
		{D7B6B2D5-36A1-4DE0-B599-A29BB7C8127B}.Release|x64.ActiveCfg = Release|Any CPU
		{D7B6B2D5-36A1-4DE0-B599-A29BB7C8127B}.Release|x64.Build.0 = Release|Any CPU
		{D7B6B2D5-36A1-4DE0-B599-A29BB7C8127B}.Release|x86.ActiveCfg = Release|Any CPU
		{D7B6B2D5-36A1-4DE0-B599-A29BB7C8127B}.Release|x86.Build.0 = Release|Any CPU
		{6F35FB14-AFDA-454E-AB7F-F7640F9C997A}.Debug|Any CPU.ActiveCfg = Debug|Any CPU
		{6F35FB14-AFDA-454E-AB7F-F7640F9C997A}.Debug|Any CPU.Build.0 = Debug|Any CPU
		{6F35FB14-AFDA-454E-AB7F-F7640F9C997A}.Debug|ARM.ActiveCfg = Debug|Any CPU
		{6F35FB14-AFDA-454E-AB7F-F7640F9C997A}.Debug|ARM.Build.0 = Debug|Any CPU
		{6F35FB14-AFDA-454E-AB7F-F7640F9C997A}.Debug|iPhone.ActiveCfg = Debug|Any CPU
		{6F35FB14-AFDA-454E-AB7F-F7640F9C997A}.Debug|iPhone.Build.0 = Debug|Any CPU
		{6F35FB14-AFDA-454E-AB7F-F7640F9C997A}.Debug|iPhoneSimulator.ActiveCfg = Debug|Any CPU
		{6F35FB14-AFDA-454E-AB7F-F7640F9C997A}.Debug|iPhoneSimulator.Build.0 = Debug|Any CPU
		{6F35FB14-AFDA-454E-AB7F-F7640F9C997A}.Debug|x64.ActiveCfg = Debug|Any CPU
		{6F35FB14-AFDA-454E-AB7F-F7640F9C997A}.Debug|x64.Build.0 = Debug|Any CPU
		{6F35FB14-AFDA-454E-AB7F-F7640F9C997A}.Debug|x86.ActiveCfg = Debug|Any CPU
		{6F35FB14-AFDA-454E-AB7F-F7640F9C997A}.Debug|x86.Build.0 = Debug|Any CPU
		{6F35FB14-AFDA-454E-AB7F-F7640F9C997A}.Release|Any CPU.ActiveCfg = Release|Any CPU
		{6F35FB14-AFDA-454E-AB7F-F7640F9C997A}.Release|Any CPU.Build.0 = Release|Any CPU
		{6F35FB14-AFDA-454E-AB7F-F7640F9C997A}.Release|ARM.ActiveCfg = Release|Any CPU
		{6F35FB14-AFDA-454E-AB7F-F7640F9C997A}.Release|ARM.Build.0 = Release|Any CPU
		{6F35FB14-AFDA-454E-AB7F-F7640F9C997A}.Release|iPhone.ActiveCfg = Release|Any CPU
		{6F35FB14-AFDA-454E-AB7F-F7640F9C997A}.Release|iPhone.Build.0 = Release|Any CPU
		{6F35FB14-AFDA-454E-AB7F-F7640F9C997A}.Release|iPhoneSimulator.ActiveCfg = Release|Any CPU
		{6F35FB14-AFDA-454E-AB7F-F7640F9C997A}.Release|iPhoneSimulator.Build.0 = Release|Any CPU
		{6F35FB14-AFDA-454E-AB7F-F7640F9C997A}.Release|x64.ActiveCfg = Release|Any CPU
		{6F35FB14-AFDA-454E-AB7F-F7640F9C997A}.Release|x64.Build.0 = Release|Any CPU
		{6F35FB14-AFDA-454E-AB7F-F7640F9C997A}.Release|x86.ActiveCfg = Release|Any CPU
		{6F35FB14-AFDA-454E-AB7F-F7640F9C997A}.Release|x86.Build.0 = Release|Any CPU
		{6C6208D3-9654-4955-B785-E767DFA06D7D}.Debug|Any CPU.ActiveCfg = Debug|x86
		{6C6208D3-9654-4955-B785-E767DFA06D7D}.Debug|ARM.ActiveCfg = Debug|ARM
		{6C6208D3-9654-4955-B785-E767DFA06D7D}.Debug|ARM.Build.0 = Debug|ARM
		{6C6208D3-9654-4955-B785-E767DFA06D7D}.Debug|ARM.Deploy.0 = Debug|ARM
		{6C6208D3-9654-4955-B785-E767DFA06D7D}.Debug|iPhone.ActiveCfg = Debug|x86
		{6C6208D3-9654-4955-B785-E767DFA06D7D}.Debug|iPhoneSimulator.ActiveCfg = Debug|x86
		{6C6208D3-9654-4955-B785-E767DFA06D7D}.Debug|x64.ActiveCfg = Debug|x64
		{6C6208D3-9654-4955-B785-E767DFA06D7D}.Debug|x64.Build.0 = Debug|x64
		{6C6208D3-9654-4955-B785-E767DFA06D7D}.Debug|x64.Deploy.0 = Debug|x64
		{6C6208D3-9654-4955-B785-E767DFA06D7D}.Debug|x86.ActiveCfg = Debug|x86
		{6C6208D3-9654-4955-B785-E767DFA06D7D}.Debug|x86.Build.0 = Debug|x86
		{6C6208D3-9654-4955-B785-E767DFA06D7D}.Debug|x86.Deploy.0 = Debug|x86
		{6C6208D3-9654-4955-B785-E767DFA06D7D}.Release|Any CPU.ActiveCfg = Release|x86
		{6C6208D3-9654-4955-B785-E767DFA06D7D}.Release|ARM.ActiveCfg = Release|ARM
		{6C6208D3-9654-4955-B785-E767DFA06D7D}.Release|ARM.Build.0 = Release|ARM
		{6C6208D3-9654-4955-B785-E767DFA06D7D}.Release|ARM.Deploy.0 = Release|ARM
		{6C6208D3-9654-4955-B785-E767DFA06D7D}.Release|iPhone.ActiveCfg = Release|x86
		{6C6208D3-9654-4955-B785-E767DFA06D7D}.Release|iPhoneSimulator.ActiveCfg = Release|x86
		{6C6208D3-9654-4955-B785-E767DFA06D7D}.Release|x64.ActiveCfg = Release|x64
		{6C6208D3-9654-4955-B785-E767DFA06D7D}.Release|x64.Build.0 = Release|x64
		{6C6208D3-9654-4955-B785-E767DFA06D7D}.Release|x64.Deploy.0 = Release|x64
		{6C6208D3-9654-4955-B785-E767DFA06D7D}.Release|x86.ActiveCfg = Release|x86
		{6C6208D3-9654-4955-B785-E767DFA06D7D}.Release|x86.Build.0 = Release|x86
		{6C6208D3-9654-4955-B785-E767DFA06D7D}.Release|x86.Deploy.0 = Release|x86
		{775DFA78-64A4-4C7E-BE72-009BF9789B4C}.Debug|Any CPU.ActiveCfg = Debug|Any CPU
		{775DFA78-64A4-4C7E-BE72-009BF9789B4C}.Debug|Any CPU.Build.0 = Debug|Any CPU
		{775DFA78-64A4-4C7E-BE72-009BF9789B4C}.Debug|Any CPU.Deploy.0 = Debug|Any CPU
		{775DFA78-64A4-4C7E-BE72-009BF9789B4C}.Debug|ARM.ActiveCfg = Debug|Any CPU
		{775DFA78-64A4-4C7E-BE72-009BF9789B4C}.Debug|ARM.Build.0 = Debug|Any CPU
		{775DFA78-64A4-4C7E-BE72-009BF9789B4C}.Debug|ARM.Deploy.0 = Debug|Any CPU
		{775DFA78-64A4-4C7E-BE72-009BF9789B4C}.Debug|iPhone.ActiveCfg = Debug|Any CPU
		{775DFA78-64A4-4C7E-BE72-009BF9789B4C}.Debug|iPhone.Build.0 = Debug|Any CPU
		{775DFA78-64A4-4C7E-BE72-009BF9789B4C}.Debug|iPhone.Deploy.0 = Debug|Any CPU
		{775DFA78-64A4-4C7E-BE72-009BF9789B4C}.Debug|iPhoneSimulator.ActiveCfg = Debug|Any CPU
		{775DFA78-64A4-4C7E-BE72-009BF9789B4C}.Debug|iPhoneSimulator.Build.0 = Debug|Any CPU
		{775DFA78-64A4-4C7E-BE72-009BF9789B4C}.Debug|iPhoneSimulator.Deploy.0 = Debug|Any CPU
		{775DFA78-64A4-4C7E-BE72-009BF9789B4C}.Debug|x64.ActiveCfg = Debug|Any CPU
		{775DFA78-64A4-4C7E-BE72-009BF9789B4C}.Debug|x64.Build.0 = Debug|Any CPU
		{775DFA78-64A4-4C7E-BE72-009BF9789B4C}.Debug|x64.Deploy.0 = Debug|Any CPU
		{775DFA78-64A4-4C7E-BE72-009BF9789B4C}.Debug|x86.ActiveCfg = Debug|Any CPU
		{775DFA78-64A4-4C7E-BE72-009BF9789B4C}.Debug|x86.Build.0 = Debug|Any CPU
		{775DFA78-64A4-4C7E-BE72-009BF9789B4C}.Debug|x86.Deploy.0 = Debug|Any CPU
		{775DFA78-64A4-4C7E-BE72-009BF9789B4C}.Release|Any CPU.ActiveCfg = Release|Any CPU
		{775DFA78-64A4-4C7E-BE72-009BF9789B4C}.Release|Any CPU.Build.0 = Release|Any CPU
		{775DFA78-64A4-4C7E-BE72-009BF9789B4C}.Release|Any CPU.Deploy.0 = Release|Any CPU
		{775DFA78-64A4-4C7E-BE72-009BF9789B4C}.Release|ARM.ActiveCfg = Release|Any CPU
		{775DFA78-64A4-4C7E-BE72-009BF9789B4C}.Release|ARM.Build.0 = Release|Any CPU
		{775DFA78-64A4-4C7E-BE72-009BF9789B4C}.Release|ARM.Deploy.0 = Release|Any CPU
		{775DFA78-64A4-4C7E-BE72-009BF9789B4C}.Release|iPhone.ActiveCfg = Release|Any CPU
		{775DFA78-64A4-4C7E-BE72-009BF9789B4C}.Release|iPhone.Build.0 = Release|Any CPU
		{775DFA78-64A4-4C7E-BE72-009BF9789B4C}.Release|iPhone.Deploy.0 = Release|Any CPU
		{775DFA78-64A4-4C7E-BE72-009BF9789B4C}.Release|iPhoneSimulator.ActiveCfg = Release|Any CPU
		{775DFA78-64A4-4C7E-BE72-009BF9789B4C}.Release|iPhoneSimulator.Build.0 = Release|Any CPU
		{775DFA78-64A4-4C7E-BE72-009BF9789B4C}.Release|iPhoneSimulator.Deploy.0 = Release|Any CPU
		{775DFA78-64A4-4C7E-BE72-009BF9789B4C}.Release|x64.ActiveCfg = Release|Any CPU
		{775DFA78-64A4-4C7E-BE72-009BF9789B4C}.Release|x64.Build.0 = Release|Any CPU
		{775DFA78-64A4-4C7E-BE72-009BF9789B4C}.Release|x64.Deploy.0 = Release|Any CPU
		{775DFA78-64A4-4C7E-BE72-009BF9789B4C}.Release|x86.ActiveCfg = Release|Any CPU
		{775DFA78-64A4-4C7E-BE72-009BF9789B4C}.Release|x86.Build.0 = Release|Any CPU
		{775DFA78-64A4-4C7E-BE72-009BF9789B4C}.Release|x86.Deploy.0 = Release|Any CPU
		{B4AE3F78-A092-4130-A1EA-E58ACB4F4F9D}.Debug|Any CPU.ActiveCfg = Debug|iPhone
		{B4AE3F78-A092-4130-A1EA-E58ACB4F4F9D}.Debug|ARM.ActiveCfg = Debug|iPhone
		{B4AE3F78-A092-4130-A1EA-E58ACB4F4F9D}.Debug|iPhone.ActiveCfg = Debug|iPhone
		{B4AE3F78-A092-4130-A1EA-E58ACB4F4F9D}.Debug|iPhone.Build.0 = Debug|iPhone
		{B4AE3F78-A092-4130-A1EA-E58ACB4F4F9D}.Debug|iPhoneSimulator.ActiveCfg = Debug|iPhoneSimulator
		{B4AE3F78-A092-4130-A1EA-E58ACB4F4F9D}.Debug|iPhoneSimulator.Build.0 = Debug|iPhoneSimulator
		{B4AE3F78-A092-4130-A1EA-E58ACB4F4F9D}.Debug|x64.ActiveCfg = Debug|iPhone
		{B4AE3F78-A092-4130-A1EA-E58ACB4F4F9D}.Debug|x86.ActiveCfg = Debug|iPhone
		{B4AE3F78-A092-4130-A1EA-E58ACB4F4F9D}.Release|Any CPU.ActiveCfg = Release|iPhone
		{B4AE3F78-A092-4130-A1EA-E58ACB4F4F9D}.Release|ARM.ActiveCfg = Release|iPhone
		{B4AE3F78-A092-4130-A1EA-E58ACB4F4F9D}.Release|iPhone.ActiveCfg = Release|iPhone
		{B4AE3F78-A092-4130-A1EA-E58ACB4F4F9D}.Release|iPhone.Build.0 = Release|iPhone
		{B4AE3F78-A092-4130-A1EA-E58ACB4F4F9D}.Release|iPhoneSimulator.ActiveCfg = Release|iPhoneSimulator
		{B4AE3F78-A092-4130-A1EA-E58ACB4F4F9D}.Release|iPhoneSimulator.Build.0 = Release|iPhoneSimulator
		{B4AE3F78-A092-4130-A1EA-E58ACB4F4F9D}.Release|x64.ActiveCfg = Release|iPhone
		{B4AE3F78-A092-4130-A1EA-E58ACB4F4F9D}.Release|x86.ActiveCfg = Release|iPhone
		{0DB63CEC-2550-456D-9881-57CC8159BBB1}.Debug|Any CPU.ActiveCfg = Debug|Any CPU
		{0DB63CEC-2550-456D-9881-57CC8159BBB1}.Debug|Any CPU.Build.0 = Debug|Any CPU
		{0DB63CEC-2550-456D-9881-57CC8159BBB1}.Debug|ARM.ActiveCfg = Debug|Any CPU
		{0DB63CEC-2550-456D-9881-57CC8159BBB1}.Debug|ARM.Build.0 = Debug|Any CPU
		{0DB63CEC-2550-456D-9881-57CC8159BBB1}.Debug|iPhone.ActiveCfg = Debug|Any CPU
		{0DB63CEC-2550-456D-9881-57CC8159BBB1}.Debug|iPhone.Build.0 = Debug|Any CPU
		{0DB63CEC-2550-456D-9881-57CC8159BBB1}.Debug|iPhoneSimulator.ActiveCfg = Debug|Any CPU
		{0DB63CEC-2550-456D-9881-57CC8159BBB1}.Debug|iPhoneSimulator.Build.0 = Debug|Any CPU
		{0DB63CEC-2550-456D-9881-57CC8159BBB1}.Debug|x64.ActiveCfg = Debug|Any CPU
		{0DB63CEC-2550-456D-9881-57CC8159BBB1}.Debug|x64.Build.0 = Debug|Any CPU
		{0DB63CEC-2550-456D-9881-57CC8159BBB1}.Debug|x86.ActiveCfg = Debug|Any CPU
		{0DB63CEC-2550-456D-9881-57CC8159BBB1}.Debug|x86.Build.0 = Debug|Any CPU
		{0DB63CEC-2550-456D-9881-57CC8159BBB1}.Release|Any CPU.ActiveCfg = Release|Any CPU
		{0DB63CEC-2550-456D-9881-57CC8159BBB1}.Release|Any CPU.Build.0 = Release|Any CPU
		{0DB63CEC-2550-456D-9881-57CC8159BBB1}.Release|ARM.ActiveCfg = Release|Any CPU
		{0DB63CEC-2550-456D-9881-57CC8159BBB1}.Release|ARM.Build.0 = Release|Any CPU
		{0DB63CEC-2550-456D-9881-57CC8159BBB1}.Release|iPhone.ActiveCfg = Release|Any CPU
		{0DB63CEC-2550-456D-9881-57CC8159BBB1}.Release|iPhone.Build.0 = Release|Any CPU
		{0DB63CEC-2550-456D-9881-57CC8159BBB1}.Release|iPhoneSimulator.ActiveCfg = Release|Any CPU
		{0DB63CEC-2550-456D-9881-57CC8159BBB1}.Release|iPhoneSimulator.Build.0 = Release|Any CPU
		{0DB63CEC-2550-456D-9881-57CC8159BBB1}.Release|x64.ActiveCfg = Release|Any CPU
		{0DB63CEC-2550-456D-9881-57CC8159BBB1}.Release|x64.Build.0 = Release|Any CPU
		{0DB63CEC-2550-456D-9881-57CC8159BBB1}.Release|x86.ActiveCfg = Release|Any CPU
		{0DB63CEC-2550-456D-9881-57CC8159BBB1}.Release|x86.Build.0 = Release|Any CPU
	EndGlobalSection
	GlobalSection(SolutionProperties) = preSolution
		HideSolutionNode = FALSE
	EndGlobalSection
	GlobalSection(NestedProjects) = preSolution
		{6C6208D3-9654-4955-B785-E767DFA06D7D} = {308D4DE9-2CFB-413F-9B1C-8F7848060891}
		{775DFA78-64A4-4C7E-BE72-009BF9789B4C} = {308D4DE9-2CFB-413F-9B1C-8F7848060891}
		{B4AE3F78-A092-4130-A1EA-E58ACB4F4F9D} = {308D4DE9-2CFB-413F-9B1C-8F7848060891}
		{0DB63CEC-2550-456D-9881-57CC8159BBB1} = {308D4DE9-2CFB-413F-9B1C-8F7848060891}
	EndGlobalSection
	GlobalSection(ExtensibilityGlobals) = postSolution
		SolutionGuid = {7CAEDD57-560E-4E96-A3F3-F918B8F6BFC1}
	EndGlobalSection
EndGlobal
